
Microsoft Visual Studio Solution File, Format Version 12.00
# Visual Studio Version 16
VisualStudioVersion = 16.0.31005.135
MinimumVisualStudioVersion = 10.0.40219.1
Project("{FAE04EC0-301F-11D3-BF4B-00C04F79EFBC}") = "3.1_Task", "3.1_Task\3.1_Task.csproj", "{2E8C7B8F-DA70-4179-9EC4-BA950B0FFD40}"
EndProject
Project("{FAE04EC0-301F-11D3-BF4B-00C04F79EFBC}") = "3.2_Task", "3.2_Task\3.2_Task.csproj", "{80615D6A-2DE9-4A9C-A556-BD3722F4E942}"
EndProject
Global
	GlobalSection(SolutionConfigurationPlatforms) = preSolution
		Debug|Any CPU = Debug|Any CPU
		Release|Any CPU = Release|Any CPU
	EndGlobalSection
	GlobalSection(ProjectConfigurationPlatforms) = postSolution
		{2E8C7B8F-DA70-4179-9EC4-BA950B0FFD40}.Debug|Any CPU.ActiveCfg = Debug|Any CPU
		{2E8C7B8F-DA70-4179-9EC4-BA950B0FFD40}.Debug|Any CPU.Build.0 = Debug|Any CPU
		{2E8C7B8F-DA70-4179-9EC4-BA950B0FFD40}.Release|Any CPU.ActiveCfg = Release|Any CPU
		{2E8C7B8F-DA70-4179-9EC4-BA950B0FFD40}.Release|Any CPU.Build.0 = Release|Any CPU
		{80615D6A-2DE9-4A9C-A556-BD3722F4E942}.Debug|Any CPU.ActiveCfg = Debug|Any CPU
		{80615D6A-2DE9-4A9C-A556-BD3722F4E942}.Debug|Any CPU.Build.0 = Debug|Any CPU
		{80615D6A-2DE9-4A9C-A556-BD3722F4E942}.Release|Any CPU.ActiveCfg = Release|Any CPU
		{80615D6A-2DE9-4A9C-A556-BD3722F4E942}.Release|Any CPU.Build.0 = Release|Any CPU
	EndGlobalSection
	GlobalSection(SolutionProperties) = preSolution
		HideSolutionNode = FALSE
	EndGlobalSection
	GlobalSection(ExtensibilityGlobals) = postSolution
		SolutionGuid = {6210B0F5-F396-4360-AB7B-A042E170D3F5}
	EndGlobalSection
EndGlobal
