
Microsoft Visual Studio Solution File, Format Version 12.00
# Visual Studio Version 16
VisualStudioVersion = 16.0.31005.135
MinimumVisualStudioVersion = 10.0.40219.1
Project("{FAE04EC0-301F-11D3-BF4B-00C04F79EFBC}") = "2.1_Task", "2.1_Task\2.1_Task.csproj", "{BA80696D-F3C5-4B31-ABF8-A066C06F02B1}"
EndProject
Project("{FAE04EC0-301F-11D3-BF4B-00C04F79EFBC}") = "2.2_Task", "2.2_Task\2.2_Task.csproj", "{0308306C-101C-4302-90AC-ACA760C44D43}"
EndProject
Project("{FAE04EC0-301F-11D3-BF4B-00C04F79EFBC}") = "2.3_Task", "2.3_Task\2.3_Task.csproj", "{03626A60-DEA8-4D72-B5E0-6EB34B848C57}"
EndProject
Project("{FAE04EC0-301F-11D3-BF4B-00C04F79EFBC}") = "2.4_Task", "2.4_Task\2.4_Task.csproj", "{024BC119-E6BD-441A-A2A3-07A9E73981D1}"
EndProject
Global
	GlobalSection(SolutionConfigurationPlatforms) = preSolution
		Debug|Any CPU = Debug|Any CPU
		Release|Any CPU = Release|Any CPU
	EndGlobalSection
	GlobalSection(ProjectConfigurationPlatforms) = postSolution
		{BA80696D-F3C5-4B31-ABF8-A066C06F02B1}.Debug|Any CPU.ActiveCfg = Debug|Any CPU
		{BA80696D-F3C5-4B31-ABF8-A066C06F02B1}.Debug|Any CPU.Build.0 = Debug|Any CPU
		{BA80696D-F3C5-4B31-ABF8-A066C06F02B1}.Release|Any CPU.ActiveCfg = Release|Any CPU
		{BA80696D-F3C5-4B31-ABF8-A066C06F02B1}.Release|Any CPU.Build.0 = Release|Any CPU
		{0308306C-101C-4302-90AC-ACA760C44D43}.Debug|Any CPU.ActiveCfg = Debug|Any CPU
		{0308306C-101C-4302-90AC-ACA760C44D43}.Debug|Any CPU.Build.0 = Debug|Any CPU
		{0308306C-101C-4302-90AC-ACA760C44D43}.Release|Any CPU.ActiveCfg = Release|Any CPU
		{0308306C-101C-4302-90AC-ACA760C44D43}.Release|Any CPU.Build.0 = Release|Any CPU
		{03626A60-DEA8-4D72-B5E0-6EB34B848C57}.Debug|Any CPU.ActiveCfg = Debug|Any CPU
		{03626A60-DEA8-4D72-B5E0-6EB34B848C57}.Debug|Any CPU.Build.0 = Debug|Any CPU
		{03626A60-DEA8-4D72-B5E0-6EB34B848C57}.Release|Any CPU.ActiveCfg = Release|Any CPU
		{03626A60-DEA8-4D72-B5E0-6EB34B848C57}.Release|Any CPU.Build.0 = Release|Any CPU
		{024BC119-E6BD-441A-A2A3-07A9E73981D1}.Debug|Any CPU.ActiveCfg = Debug|Any CPU
		{024BC119-E6BD-441A-A2A3-07A9E73981D1}.Debug|Any CPU.Build.0 = Debug|Any CPU
		{024BC119-E6BD-441A-A2A3-07A9E73981D1}.Release|Any CPU.ActiveCfg = Release|Any CPU
		{024BC119-E6BD-441A-A2A3-07A9E73981D1}.Release|Any CPU.Build.0 = Release|Any CPU
	EndGlobalSection
	GlobalSection(SolutionProperties) = preSolution
		HideSolutionNode = FALSE
	EndGlobalSection
	GlobalSection(ExtensibilityGlobals) = postSolution
		SolutionGuid = {5E22A244-8302-4CF9-A155-CFCDD1C2D8C3}
	EndGlobalSection
EndGlobal
